
Microsoft Visual Studio Solution File, Format Version 12.00
Project("{FAE04EC0-301F-11D3-BF4B-00C04F79EFBC}") = "YsrisSignal", "YsrisSignal\YsrisSignal.csproj", "{236F0167-D029-41C9-98B3-0D6B5B9D721D}"
EndProject
Global
	GlobalSection(SolutionConfigurationPlatforms) = preSolution
		Debug|Any CPU = Debug|Any CPU
		Release|Any CPU = Release|Any CPU
	EndGlobalSection
	GlobalSection(ProjectConfigurationPlatforms) = postSolution
		{236F0167-D029-41C9-98B3-0D6B5B9D721D}.Debug|Any CPU.ActiveCfg = Debug|Any CPU
		{236F0167-D029-41C9-98B3-0D6B5B9D721D}.Debug|Any CPU.Build.0 = Debug|Any CPU
		{236F0167-D029-41C9-98B3-0D6B5B9D721D}.Release|Any CPU.ActiveCfg = Release|Any CPU
		{236F0167-D029-41C9-98B3-0D6B5B9D721D}.Release|Any CPU.Build.0 = Release|Any CPU
	EndGlobalSection
EndGlobal
